Microsoft Visual Studio Solution File, Format Version 12.00
# Visual Studio Version 17
VisualStudioVersion = 17.13.35818.85
MinimumVisualStudioVersion = 10.0.40219.1
Project("{FAE04EC0-301F-11D3-BF4B-00C04F79EFBC}") = "CoolCorner.CDN", "CoolCorner.CDN.csproj", "{BA8F5912-E280-404E-A2E7-9E7B130326F0}"
EndProject
Global
	GlobalSection(SolutionConfigurationPlatforms) = preSolution
		Debug|Any CPU = Debug|Any CPU
		Release|Any CPU = Release|Any CPU
	EndGlobalSection
	GlobalSection(ProjectConfigurationPlatforms) = postSolution
		{BA8F5912-E280-404E-A2E7-9E7B130326F0}.Debug|Any CPU.ActiveCfg = Debug|Any CPU
		{BA8F5912-E280-404E-A2E7-9E7B130326F0}.Debug|Any CPU.Build.0 = Debug|Any CPU
		{BA8F5912-E280-404E-A2E7-9E7B130326F0}.Release|Any CPU.ActiveCfg = Release|Any CPU
		{BA8F5912-E280-404E-A2E7-9E7B130326F0}.Release|Any CPU.Build.0 = Release|Any CPU
	EndGlobalSection
	GlobalSection(SolutionProperties) = preSolution
		HideSolutionNode = FALSE
	EndGlobalSection
	GlobalSection(ExtensibilityGlobals) = postSolution
		SolutionGuid = {00B464FB-18D2-4D9E-AA9A-D0E03D55AADB}
	EndGlobalSection
EndGlobal
